// !$*UTF8*$!
{
	archiveVersion = 1;
	classes = {
	};
	objectVersion = 46;
	objects = {

/* Begin PBXBuildFile section */
		1718A3FF1F3595F0007E5E8D /* NetworkController.swift in Sources */ = {isa = PBXBuildFile; fileRef = 1718A3FE1F3595F0007E5E8D /* NetworkController.swift */; };
		1718A4011F359B97007E5E8D /* OperationsManagerTests.swift in Sources */ = {isa = PBXBuildFile; fileRef = 1718A4001F359B97007E5E8D /* OperationsManagerTests.swift */; };
		1718A4051F359F63007E5E8D /* ConfigurationManager.swift in Sources */ = {isa = PBXBuildFile; fileRef = 1718A4041F359F63007E5E8D /* ConfigurationManager.swift */; };
		1718A40C1F35A2FF007E5E8D /* Media_metadata.swift in Sources */ = {isa = PBXBuildFile; fileRef = 1718A4081F35A2FF007E5E8D /* Media_metadata.swift */; };
		1718A40E1F35A2FF007E5E8D /* Media.swift in Sources */ = {isa = PBXBuildFile; fileRef = 1718A4091F35A2FF007E5E8D /* Media.swift */; };
		1718A4101F35A2FF007E5E8D /* MostViewedResponse.swift in Sources */ = {isa = PBXBuildFile; fileRef = 1718A40A1F35A2FF007E5E8D /* MostViewedResponse.swift */; };
		1718A4121F35A2FF007E5E8D /* MostViewedResults.swift in Sources */ = {isa = PBXBuildFile; fileRef = 1718A40B1F35A2FF007E5E8D /* MostViewedResults.swift */; };
		1779611A1F34A91C00DD0FD6 /* AppDelegate.swift in Sources */ = {isa = PBXBuildFile; fileRef = 177961191F34A91C00DD0FD6 /* AppDelegate.swift */; };
		177961211F34A91C00DD0FD6 /* Main.storyboard in Resources */ = {isa = PBXBuildFile; fileRef = 1779611F1F34A91C00DD0FD6 /* Main.storyboard */; };
		177961231F34A91C00DD0FD6 /* Assets.xcassets in Resources */ = {isa = PBXBuildFile; fileRef = 177961221F34A91C00DD0FD6 /* Assets.xcassets */; };
		177961261F34A91C00DD0FD6 /* LaunchScreen.storyboard in Resources */ = {isa = PBXBuildFile; fileRef = 177961241F34A91C00DD0FD6 /* LaunchScreen.storyboard */; };
		177961311F34A91C00DD0FD6 /* NYTimes_MostPopularArticlesTests.swift in Sources */ = {isa = PBXBuildFile; fileRef = 177961301F34A91C00DD0FD6 /* NYTimes_MostPopularArticlesTests.swift */; };
		177961551F34AA5300DD0FD6 /* Alamofire.framework in Frameworks */ = {isa = PBXBuildFile; fileRef = 177961541F34AA5300DD0FD6 /* Alamofire.framework */; };
		177961561F34AA5300DD0FD6 /* Alamofire.framework in Embed Frameworks */ = {isa = PBXBuildFile; fileRef = 177961541F34AA5300DD0FD6 /* Alamofire.framework */; settings = {ATTRIBUTES = (CodeSignOnCopy, RemoveHeadersOnCopy, ); }; };
		177961591F34AC3D00DD0FD6 /* OperationsManager.swift in Sources */ = {isa = PBXBuildFile; fileRef = 177961581F34AC3D00DD0FD6 /* OperationsManager.swift */; };
		1791F9E81F35BE790010F0A5 /* MasterSummaryTableViewCell.swift in Sources */ = {isa = PBXBuildFile; fileRef = 1791F9E71F35BE790010F0A5 /* MasterSummaryTableViewCell.swift */; };
		1791F9EA1F3600AB0010F0A5 /* EnumUtils.swift in Sources */ = {isa = PBXBuildFile; fileRef = 1791F9E91F3600AB0010F0A5 /* EnumUtils.swift */; };
		1791F9EE1F3607D90010F0A5 /* DetailViewController.swift in Sources */ = {isa = PBXBuildFile; fileRef = 1791F9EC1F3607D90010F0A5 /* DetailViewController.swift */; };
		1791F9EF1F3607D90010F0A5 /* MasterViewController.swift in Sources */ = {isa = PBXBuildFile; fileRef = 1791F9ED1F3607D90010F0A5 /* MasterViewController.swift */; };
		1791F9F31F3610AE0010F0A5 /* BusinessLogicHelper.swift in Sources */ = {isa = PBXBuildFile; fileRef = 1791F9F21F3610AE0010F0A5 /* BusinessLogicHelper.swift */; };
		17B91AB01F3785380029F840 /* ConfigurationManagerTests.swift in Sources */ = {isa = PBXBuildFile; fileRef = 17B91AAF1F3785380029F840 /* ConfigurationManagerTests.swift */; };
		17CE11881F3619FE00F6D225 /* BusinessLogicHelperTests.swift in Sources */ = {isa = PBXBuildFile; fileRef = 17CE11871F3619FE00F6D225 /* BusinessLogicHelperTests.swift */; };
		17CE118C1F36330400F6D225 /* SectionsResponse.swift in Sources */ = {isa = PBXBuildFile; fileRef = 17CE118A1F36330400F6D225 /* SectionsResponse.swift */; };
		17CE118D1F36330400F6D225 /* SectionsResults.swift in Sources */ = {isa = PBXBuildFile; fileRef = 17CE118B1F36330400F6D225 /* SectionsResults.swift */; };
		17F0DE081F3771D80099E141 /* Constants.swift in Sources */ = {isa = PBXBuildFile; fileRef = 17F0DE071F3771D80099E141 /* Constants.swift */; };
		17F0DE0A1F37753F0099E141 /* EnumUtilsTests.swift in Sources */ = {isa = PBXBuildFile; fileRef = 17F0DE091F37753F0099E141 /* EnumUtilsTests.swift */; };
/* End PBXBuildFile section */

/* Begin PBXContainerItemProxy section */
		1779612D1F34A91C00DD0FD6 /* PBXContainerItemProxy */ = {
			isa = PBXContainerItemProxy;
			containerPortal = 1779610E1F34A91C00DD0FD6 /* Project object */;
			proxyType = 1;
			remoteGlobalIDString = 177961151F34A91C00DD0FD6;
			remoteInfo = "NY Times Most Popular Articles";
		};
/* End PBXContainerItemProxy section */

/* Begin PBXCopyFilesBuildPhase section */
		177961571F34AA5300DD0FD6 /* Embed Frameworks */ = {
			isa = PBXCopyFilesBuildPhase;
			buildActionMask = 2147483647;
			dstPath = "";
			dstSubfolderSpec = 10;
			files = (
				177961561F34AA5300DD0FD6 /* Alamofire.framework in Embed Frameworks */,
			);
			name = "Embed Frameworks";
			runOnlyForDeploymentPostprocessing = 0;
		};
/* End PBXCopyFilesBuildPhase section */

/* Begin PBXFileReference section */
		1718A3FE1F3595F0007E5E8D /* NetworkController.swift */ = {isa = PBXFileReference; fileEncoding = 4; lastKnownFileType = sourcecode.swift; path = NetworkController.swift; sourceTree = "<group>"; };
		1718A4001F359B97007E5E8D /* OperationsManagerTests.swift */ = {isa = PBXFileReference; fileEncoding = 4; lastKnownFileType = sourcecode.swift; path = OperationsManagerTests.swift; sourceTree = "<group>"; };
		1718A4041F359F63007E5E8D /* ConfigurationManager.swift */ = {isa = PBXFileReference; fileEncoding = 4; lastKnownFileType = sourcecode.swift; path = ConfigurationManager.swift; sourceTree = "<group>"; };
		1718A4081F35A2FF007E5E8D /* Media_metadata.swift */ = {isa = PBXFileReference; fileEncoding = 4; lastKnownFileType = sourcecode.swift; path = Media_metadata.swift; sourceTree = "<group>"; };
		1718A4091F35A2FF007E5E8D /* Media.swift */ = {isa = PBXFileReference; fileEncoding = 4; lastKnownFileType = sourcecode.swift; path = Media.swift; sourceTree = "<group>"; };
		1718A40A1F35A2FF007E5E8D /* MostViewedResponse.swift */ = {isa = PBXFileReference; fileEncoding = 4; lastKnownFileType = sourcecode.swift; path = MostViewedResponse.swift; sourceTree = "<group>"; };
		1718A40B1F35A2FF007E5E8D /* MostViewedResults.swift */ = {isa = PBXFileReference; fileEncoding = 4; lastKnownFileType = sourcecode.swift; path = MostViewedResults.swift; sourceTree = "<group>"; };
		177961161F34A91C00DD0FD6 /* NYTimes_MostPopularArticles.app */ = {isa = PBXFileReference; explicitFileType = wrapper.application; includeInIndex = 0; path = NYTimes_MostPopularArticles.app; sourceTree = BUILT_PRODUCTS_DIR; };
		177961191F34A91C00DD0FD6 /* AppDelegate.swift */ = {isa = PBXFileReference; lastKnownFileType = sourcecode.swift; path = AppDelegate.swift; sourceTree = "<group>"; };
		177961201F34A91C00DD0FD6 /* Base */ = {isa = PBXFileReference; lastKnownFileType = file.storyboard; name = Base; path = Base.lproj/Main.storyboard; sourceTree = "<group>"; };
		177961221F34A91C00DD0FD6 /* Assets.xcassets */ = {isa = PBXFileReference; lastKnownFileType = folder.assetcatalog; path = Assets.xcassets; sourceTree = "<group>"; };
		177961251F34A91C00DD0FD6 /* Base */ = {isa = PBXFileReference; lastKnownFileType = file.storyboard; name = Base; path = Base.lproj/LaunchScreen.storyboard; sourceTree = "<group>"; };
		177961271F34A91C00DD0FD6 /* Info.plist */ = {isa = PBXFileReference; lastKnownFileType = text.plist.xml; path = Info.plist; sourceTree = "<group>"; };
		1779612C1F34A91C00DD0FD6 /* NYTimes_MostPopularArticlesTests.xctest */ = {isa = PBXFileReference; explicitFileType = wrapper.cfbundle; includeInIndex = 0; path = NYTimes_MostPopularArticlesTests.xctest; sourceTree = BUILT_PRODUCTS_DIR; };
		177961301F34A91C00DD0FD6 /* NYTimes_MostPopularArticlesTests.swift */ = {isa = PBXFileReference; lastKnownFileType = sourcecode.swift; path = NYTimes_MostPopularArticlesTests.swift; sourceTree = "<group>"; };
		177961321F34A91C00DD0FD6 /* Info.plist */ = {isa = PBXFileReference; lastKnownFileType = text.plist.xml; path = Info.plist; sourceTree = "<group>"; };
		177961541F34AA5300DD0FD6 /* Alamofire.framework */ = {isa = PBXFileReference; explicitFileType = wrapper.framework; path = Alamofire.framework; sourceTree = BUILT_PRODUCTS_DIR; };
		177961581F34AC3D00DD0FD6 /* OperationsManager.swift */ = {isa = PBXFileReference; fileEncoding = 4; lastKnownFileType = sourcecode.swift; path = OperationsManager.swift; sourceTree = "<group>"; };
		1791F9E71F35BE790010F0A5 /* MasterSummaryTableViewCell.swift */ = {isa = PBXFileReference; fileEncoding = 4; lastKnownFileType = sourcecode.swift; path = MasterSummaryTableViewCell.swift; sourceTree = "<group>"; };
		1791F9E91F3600AB0010F0A5 /* EnumUtils.swift */ = {isa = PBXFileReference; fileEncoding = 4; lastKnownFileType = sourcecode.swift; path = EnumUtils.swift; sourceTree = "<group>"; };
		1791F9EC1F3607D90010F0A5 /* DetailViewController.swift */ = {isa = PBXFileReference; fileEncoding = 4; lastKnownFileType = sourcecode.swift; path = DetailViewController.swift; sourceTree = "<group>"; };
		1791F9ED1F3607D90010F0A5 /* MasterViewController.swift */ = {isa = PBXFileReference; fileEncoding = 4; lastKnownFileType = sourcecode.swift; path = MasterViewController.swift; sourceTree = "<group>"; };
		1791F9F21F3610AE0010F0A5 /* BusinessLogicHelper.swift */ = {isa = PBXFileReference; fileEncoding = 4; lastKnownFileType = sourcecode.swift; path = BusinessLogicHelper.swift; sourceTree = "<group>"; };
		17B91AAF1F3785380029F840 /* ConfigurationManagerTests.swift */ = {isa = PBXFileReference; fileEncoding = 4; lastKnownFileType = sourcecode.swift; path = ConfigurationManagerTests.swift; sourceTree = "<group>"; };
		17CE11871F3619FE00F6D225 /* BusinessLogicHelperTests.swift */ = {isa = PBXFileReference; fileEncoding = 4; lastKnownFileType = sourcecode.swift; path = BusinessLogicHelperTests.swift; sourceTree = "<group>"; };
		17CE118A1F36330400F6D225 /* SectionsResponse.swift */ = {isa = PBXFileReference; fileEncoding = 4; lastKnownFileType = sourcecode.swift; path = SectionsResponse.swift; sourceTree = "<group>"; };
		17CE118B1F36330400F6D225 /* SectionsResults.swift */ = {isa = PBXFileReference; fileEncoding = 4; lastKnownFileType = sourcecode.swift; path = SectionsResults.swift; sourceTree = "<group>"; };
		17F0DE071F3771D80099E141 /* Constants.swift */ = {isa = PBXFileReference; fileEncoding = 4; lastKnownFileType = sourcecode.swift; path = Constants.swift; sourceTree = "<group>"; };
		17F0DE091F37753F0099E141 /* EnumUtilsTests.swift */ = {isa = PBXFileReference; fileEncoding = 4; lastKnownFileType = sourcecode.swift; path = EnumUtilsTests.swift; sourceTree = "<group>"; };
		BEACCD31BE0BC8D1FC2D15B3 /* Pods-NY Times Most Popular Articles.debug.xcconfig */ = {isa = PBXFileReference; includeInIndex = 1; lastKnownFileType = text.xcconfig; name = "Pods-NY Times Most Popular Articles.debug.xcconfig"; path = "Pods/Target Support Files/Pods-NY Times Most Popular Articles/Pods-NY Times Most Popular Articles.debug.xcconfig"; sourceTree = "<group>"; };
		E9034258C63C018CE93183FE /* Pods-NY Times Most Popular ArticlesTests.release.xcconfig */ = {isa = PBXFileReference; includeInIndex = 1; lastKnownFileType = text.xcconfig; name = "Pods-NY Times Most Popular ArticlesTests.release.xcconfig"; path = "Pods/Target Support Files/Pods-NY Times Most Popular ArticlesTests/Pods-NY Times Most Popular ArticlesTests.release.xcconfig"; sourceTree = "<group>"; };
		F722E5819495AE8D3F5C7F1D /* Pods-NY Times Most Popular Articles.release.xcconfig */ = {isa = PBXFileReference; includeInIndex = 1; lastKnownFileType = text.xcconfig; name = "Pods-NY Times Most Popular Articles.release.xcconfig"; path = "Pods/Target Support Files/Pods-NY Times Most Popular Articles/Pods-NY Times Most Popular Articles.release.xcconfig"; sourceTree = "<group>"; };
		FB02425D9A387CBEF8CD2683 /* Pods-NY Times Most Popular ArticlesTests.debug.xcconfig */ = {isa = PBXFileReference; includeInIndex = 1; lastKnownFileType = text.xcconfig; name = "Pods-NY Times Most Popular ArticlesTests.debug.xcconfig"; path = "Pods/Target Support Files/Pods-NY Times Most Popular ArticlesTests/Pods-NY Times Most Popular ArticlesTests.debug.xcconfig"; sourceTree = "<group>"; };
/* End PBXFileReference section */

/* Begin PBXFrameworksBuildPhase section */
		177961131F34A91C00DD0FD6 /* Frameworks */ = {
			isa = PBXFrameworksBuildPhase;
			buildActionMask = 2147483647;
			files = (
				177961551F34AA5300DD0FD6 /* Alamofire.framework in Frameworks */,
			);
			runOnlyForDeploymentPostprocessing = 0;
		};
		177961291F34A91C00DD0FD6 /* Frameworks */ = {
			isa = PBXFrameworksBuildPhase;
			buildActionMask = 2147483647;
			files = (
			);
			runOnlyForDeploymentPostprocessing = 0;
		};
/* End PBXFrameworksBuildPhase section */

/* Begin PBXGroup section */
		1718A4071F35A2FF007E5E8D /* Web Service Models */ = {
			isa = PBXGroup;
			children = (
				17CE118E1F36330700F6D225 /* Sections */,
				17CE11891F3632FB00F6D225 /* Most Viewed */,
			);
			path = "Web Service Models";
			sourceTree = "<group>";
		};
		1718A4151F35A91B007E5E8D /* Storyboards */ = {
			isa = PBXGroup;
			children = (
				1779611F1F34A91C00DD0FD6 /* Main.storyboard */,
				177961241F34A91C00DD0FD6 /* LaunchScreen.storyboard */,
			);
			name = Storyboards;
			sourceTree = "<group>";
		};
		1718A4161F35A943007E5E8D /* API Engine */ = {
			isa = PBXGroup;
			children = (
				1791F9F21F3610AE0010F0A5 /* BusinessLogicHelper.swift */,
				177961581F34AC3D00DD0FD6 /* OperationsManager.swift */,
				1718A3FE1F3595F0007E5E8D /* NetworkController.swift */,
				1718A4041F359F63007E5E8D /* ConfigurationManager.swift */,
			);
			name = "API Engine";
			sourceTree = "<group>";
		};
		1779610D1F34A91C00DD0FD6 = {
			isa = PBXGroup;
			children = (
				1791F9E51F35AAAE0010F0A5 /* Frameworks */,
				177961181F34A91C00DD0FD6 /* NY Times Most Popular Articles */,
				1779612F1F34A91C00DD0FD6 /* NY Times Most Popular ArticlesTests */,
				177961171F34A91C00DD0FD6 /* Products */,
				20925B20364C2CAE3E9A887A /* Pods */,
			);
			sourceTree = "<group>";
		};
		177961171F34A91C00DD0FD6 /* Products */ = {
			isa = PBXGroup;
			children = (
				177961161F34A91C00DD0FD6 /* NYTimes_MostPopularArticles.app */,
				1779612C1F34A91C00DD0FD6 /* NYTimes_MostPopularArticlesTests.xctest */,
			);
			name = Products;
			sourceTree = "<group>";
		};
		177961181F34A91C00DD0FD6 /* NY Times Most Popular Articles */ = {
			isa = PBXGroup;
			children = (
				17F0DE071F3771D80099E141 /* Constants.swift */,
				177961191F34A91C00DD0FD6 /* AppDelegate.swift */,
				177961271F34A91C00DD0FD6 /* Info.plist */,
				1718A4161F35A943007E5E8D /* API Engine */,
				1718A4071F35A2FF007E5E8D /* Web Service Models */,
				1791F9E21F35AA9A0010F0A5 /* Utils */,
				1791F9EB1F3607D90010F0A5 /* ViewControllers */,
				1791F9E61F35BE370010F0A5 /* CustomCells */,
				1718A4151F35A91B007E5E8D /* Storyboards */,
				177961221F34A91C00DD0FD6 /* Assets.xcassets */,
			);
			path = "NY Times Most Popular Articles";
			sourceTree = "<group>";
		};
		1779612F1F34A91C00DD0FD6 /* NY Times Most Popular ArticlesTests */ = {
			isa = PBXGroup;
			children = (
				17CE11871F3619FE00F6D225 /* BusinessLogicHelperTests.swift */,
				17B91AAF1F3785380029F840 /* ConfigurationManagerTests.swift */,
				17F0DE091F37753F0099E141 /* EnumUtilsTests.swift */,
				1718A4001F359B97007E5E8D /* OperationsManagerTests.swift */,
				177961301F34A91C00DD0FD6 /* NYTimes_MostPopularArticlesTests.swift */,
				177961321F34A91C00DD0FD6 /* Info.plist */,
			);
			path = "NY Times Most Popular ArticlesTests";
			sourceTree = "<group>";
		};
		1791F9E21F35AA9A0010F0A5 /* Utils */ = {
			isa = PBXGroup;
			children = (
				1791F9E91F3600AB0010F0A5 /* EnumUtils.swift */,
			);
			path = Utils;
			sourceTree = "<group>";
		};
		1791F9E51F35AAAE0010F0A5 /* Frameworks */ = {
			isa = PBXGroup;
			children = (
				177961541F34AA5300DD0FD6 /* Alamofire.framework */,
			);
			name = Frameworks;
			sourceTree = "<group>";
		};
		1791F9E61F35BE370010F0A5 /* CustomCells */ = {
			isa = PBXGroup;
			children = (
				1791F9E71F35BE790010F0A5 /* MasterSummaryTableViewCell.swift */,
			);
			path = CustomCells;
			sourceTree = "<group>";
		};
		1791F9EB1F3607D90010F0A5 /* ViewControllers */ = {
			isa = PBXGroup;
			children = (
				1791F9ED1F3607D90010F0A5 /* MasterViewController.swift */,
				1791F9EC1F3607D90010F0A5 /* DetailViewController.swift */,
			);
			path = ViewControllers;
			sourceTree = "<group>";
		};
		17CE11891F3632FB00F6D225 /* Most Viewed */ = {
			isa = PBXGroup;
			children = (
				1718A4081F35A2FF007E5E8D /* Media_metadata.swift */,
				1718A4091F35A2FF007E5E8D /* Media.swift */,
				1718A40A1F35A2FF007E5E8D /* MostViewedResponse.swift */,
				1718A40B1F35A2FF007E5E8D /* MostViewedResults.swift */,
			);
			name = "Most Viewed";
			sourceTree = "<group>";
		};
		17CE118E1F36330700F6D225 /* Sections */ = {
			isa = PBXGroup;
			children = (
				17CE118A1F36330400F6D225 /* SectionsResponse.swift */,
				17CE118B1F36330400F6D225 /* SectionsResults.swift */,
			);
			name = Sections;
			sourceTree = "<group>";
		};
		20925B20364C2CAE3E9A887A /* Pods */ = {
			isa = PBXGroup;
			children = (
				BEACCD31BE0BC8D1FC2D15B3 /* Pods-NY Times Most Popular Articles.debug.xcconfig */,
				F722E5819495AE8D3F5C7F1D /* Pods-NY Times Most Popular Articles.release.xcconfig */,
				FB02425D9A387CBEF8CD2683 /* Pods-NY Times Most Popular ArticlesTests.debug.xcconfig */,
				E9034258C63C018CE93183FE /* Pods-NY Times Most Popular ArticlesTests.release.xcconfig */,
			);
			name = Pods;
			sourceTree = "<group>";
		};
/* End PBXGroup section */

/* Begin PBXNativeTarget section */
		177961151F34A91C00DD0FD6 /* NYTimes_MostPopularArticles */ = {
			isa = PBXNativeTarget;
			buildConfigurationList = 177961351F34A91C00DD0FD6 /* Build configuration list for PBXNativeTarget "NYTimes_MostPopularArticles" */;
			buildPhases = (
				A7245ACCC18C24D5ED20B911 /* [CP] Check Pods Manifest.lock */,
				177961121F34A91C00DD0FD6 /* Sources */,
				177961131F34A91C00DD0FD6 /* Frameworks */,
				177961141F34A91C00DD0FD6 /* Resources */,
				177961571F34AA5300DD0FD6 /* Embed Frameworks */,
				050B72E555E9BB36FA336990 /* [CP] Embed Pods Frameworks */,
				DAE77D02E912EF54B9E24F51 /* [CP] Copy Pods Resources */,
			);
			buildRules = (
			);
			dependencies = (
			);
			name = NYTimes_MostPopularArticles;
			productName = "NY Times Most Popular Articles";
			productReference = 177961161F34A91C00DD0FD6 /* NYTimes_MostPopularArticles.app */;
			productType = "com.apple.product-type.application";
		};
		1779612B1F34A91C00DD0FD6 /* NYTimes_MostPopularArticlesTests */ = {
			isa = PBXNativeTarget;
			buildConfigurationList = 177961381F34A91C00DD0FD6 /* Build configuration list for PBXNativeTarget "NYTimes_MostPopularArticlesTests" */;
			buildPhases = (
				D89E86AFA32049C6BF0C6A6B /* [CP] Check Pods Manifest.lock */,
				177961281F34A91C00DD0FD6 /* Sources */,
				177961291F34A91C00DD0FD6 /* Frameworks */,
				1779612A1F34A91C00DD0FD6 /* Resources */,
				5ED8D3B1F647E10607DC881E /* [CP] Embed Pods Frameworks */,
				4C8F6600F64014268787F78D /* [CP] Copy Pods Resources */,
			);
			buildRules = (
			);
			dependencies = (
				1779612E1F34A91C00DD0FD6 /* PBXTargetDependency */,
			);
			name = NYTimes_MostPopularArticlesTests;
			productName = "NY Times Most Popular ArticlesTests";
			productReference = 1779612C1F34A91C00DD0FD6 /* NYTimes_MostPopularArticlesTests.xctest */;
			productType = "com.apple.product-type.bundle.unit-test";
		};
/* End PBXNativeTarget section */

/* Begin PBXProject section */
		1779610E1F34A91C00DD0FD6 /* Project object */ = {
			isa = PBXProject;
			attributes = {
				LastSwiftUpdateCheck = 0830;
				LastUpgradeCheck = 0830;
				ORGANIZATIONNAME = "Syed Absar Karim";
				TargetAttributes = {
					177961151F34A91C00DD0FD6 = {
						CreatedOnToolsVersion = 8.3.2;
						ProvisioningStyle = Manual;
					};
					1779612B1F34A91C00DD0FD6 = {
						CreatedOnToolsVersion = 8.3.2;
						ProvisioningStyle = Automatic;
						TestTargetID = 177961151F34A91C00DD0FD6;
					};
				};
			};
			buildConfigurationList = 177961111F34A91C00DD0FD6 /* Build configuration list for PBXProject "NYTimes_MostPopularArticles" */;
			compatibilityVersion = "Xcode 3.2";
			developmentRegion = English;
			hasScannedForEncodings = 0;
			knownRegions = (
				en,
				Base,
			);
			mainGroup = 1779610D1F34A91C00DD0FD6;
			productRefGroup = 177961171F34A91C00DD0FD6 /* Products */;
			projectDirPath = "";
			projectRoot = "";
			targets = (
				177961151F34A91C00DD0FD6 /* NYTimes_MostPopularArticles */,
				1779612B1F34A91C00DD0FD6 /* NYTimes_MostPopularArticlesTests */,
			);
		};
/* End PBXProject section */

/* Begin PBXResourcesBuildPhase section */
		177961141F34A91C00DD0FD6 /* Resources */ = {
			isa = PBXResourcesBuildPhase;
			buildActionMask = 2147483647;
			files = (
				177961261F34A91C00DD0FD6 /* LaunchScreen.storyboard in Resources */,
				177961231F34A91C00DD0FD6 /* Assets.xcassets in Resources */,
				177961211F34A91C00DD0FD6 /* Main.storyboard in Resources */,
			);
			runOnlyForDeploymentPostprocessing = 0;
		};
		1779612A1F34A91C00DD0FD6 /* Resources */ = {
			isa = PBXResourcesBuildPhase;
			buildActionMask = 2147483647;
			files = (
			);
			runOnlyForDeploymentPostprocessing = 0;
		};
/* End PBXResourcesBuildPhase section */

/* Begin PBXShellScriptBuildPhase section */
		050B72E555E9BB36FA336990 /* [CP] Embed Pods Frameworks */ = {
			isa = PBXShellScriptBuildPhase;
			buildActionMask = 2147483647;
			files = (
			);
			inputPaths = (
				"${SRCROOT}/Pods/Target Support Files/Pods-NY Times Most Popular Articles/Pods-NY Times Most Popular Articles-frameworks.sh",
				"${BUILT_PRODUCTS_DIR}/AZDropdownMenu/AZDropdownMenu.framework",
				"${BUILT_PRODUCTS_DIR}/Alamofire/Alamofire.framework",
				"${BUILT_PRODUCTS_DIR}/SwiftSpinner/SwiftSpinner.framework",
			);
			name = "[CP] Embed Pods Frameworks";
			outputPaths = (
				"${TARGET_BUILD_DIR}/${FRAMEWORKS_FOLDER_PATH}/AZDropdownMenu.framework",
				"${TARGET_BUILD_DIR}/${FRAMEWORKS_FOLDER_PATH}/Alamofire.framework",
				"${TARGET_BUILD_DIR}/${FRAMEWORKS_FOLDER_PATH}/SwiftSpinner.framework",
			);
			runOnlyForDeploymentPostprocessing = 0;
			shellPath = /bin/sh;
			shellScript = "\"${SRCROOT}/Pods/Target Support Files/Pods-NY Times Most Popular Articles/Pods-NY Times Most Popular Articles-frameworks.sh\"\n";
			showEnvVarsInLog = 0;
		};
		4C8F6600F64014268787F78D /* [CP] Copy Pods Resources */ = {
			isa = PBXShellScriptBuildPhase;
			buildActionMask = 2147483647;
			files = (
			);
			inputPaths = (
			);
			name = "[CP] Copy Pods Resources";
			outputPaths = (
			);
			runOnlyForDeploymentPostprocessing = 0;
			shellPath = /bin/sh;
			shellScript = "\"${SRCROOT}/Pods/Target Support Files/Pods-NY Times Most Popular ArticlesTests/Pods-NY Times Most Popular ArticlesTests-resources.sh\"\n";
			showEnvVarsInLog = 0;
		};
		5ED8D3B1F647E10607DC881E /* [CP] Embed Pods Frameworks */ = {
			isa = PBXShellScriptBuildPhase;
			buildActionMask = 2147483647;
			files = (
			);
			inputPaths = (
			);
			name = "[CP] Embed Pods Frameworks";
			outputPaths = (
			);
			runOnlyForDeploymentPostprocessing = 0;
			shellPath = /bin/sh;
			shellScript = "\"${SRCROOT}/Pods/Target Support Files/Pods-NY Times Most Popular ArticlesTests/Pods-NY Times Most Popular ArticlesTests-frameworks.sh\"\n";
			showEnvVarsInLog = 0;
		};
		A7245ACCC18C24D5ED20B911 /* [CP] Check Pods Manifest.lock */ = {
			isa = PBXShellScriptBuildPhase;
			buildActionMask = 2147483647;
			files = (
			);
			inputPaths = (
				"${PODS_PODFILE_DIR_PATH}/Podfile.lock",
				"${PODS_ROOT}/Manifest.lock",
			);
			name = "[CP] Check Pods Manifest.lock";
			outputPaths = (
				"$(DERIVED_FILE_DIR)/Pods-NY Times Most Popular Articles-checkManifestLockResult.txt",
			);
			runOnlyForDeploymentPostprocessing = 0;
			shellPath = /bin/sh;
			shellScript = "diff \"${PODS_PODFILE_DIR_PATH}/Podfile.lock\" \"${PODS_ROOT}/Manifest.lock\" > /dev/null\nif [ $? != 0 ] ; then\n    # print error to STDERR\n    echo \"error: The sandbox is not in sync with the Podfile.lock. Run 'pod install' or update your CocoaPods installation.\" >&2\n    exit 1\nfi\n# This output is used by Xcode 'outputs' to avoid re-running this script phase.\necho \"SUCCESS\" > \"${SCRIPT_OUTPUT_FILE_0}\"\n";
			showEnvVarsInLog = 0;
		};
		D89E86AFA32049C6BF0C6A6B /* [CP] Check Pods Manifest.lock */ = {
			isa = PBXShellScriptBuildPhase;
			buildActionMask = 2147483647;
			files = (
			);
			inputPaths = (
				"${PODS_PODFILE_DIR_PATH}/Podfile.lock",
				"${PODS_ROOT}/Manifest.lock",
			);
			name = "[CP] Check Pods Manifest.lock";
			outputPaths = (
				"$(DERIVED_FILE_DIR)/Pods-NY Times Most Popular ArticlesTests-checkManifestLockResult.txt",
			);
			runOnlyForDeploymentPostprocessing = 0;
			shellPath = /bin/sh;
			shellScript = "diff \"${PODS_PODFILE_DIR_PATH}/Podfile.lock\" \"${PODS_ROOT}/Manifest.lock\" > /dev/null\nif [ $? != 0 ] ; then\n    # print error to STDERR\n    echo \"error: The sandbox is not in sync with the Podfile.lock. Run 'pod install' or update your CocoaPods installation.\" >&2\n    exit 1\nfi\n# This output is used by Xcode 'outputs' to avoid re-running this script phase.\necho \"SUCCESS\" > \"${SCRIPT_OUTPUT_FILE_0}\"\n";
			showEnvVarsInLog = 0;
		};
		DAE77D02E912EF54B9E24F51 /* [CP] Copy Pods Resources */ = {
			isa = PBXShellScriptBuildPhase;
			buildActionMask = 2147483647;
			files = (
			);
			inputPaths = (
			);
			name = "[CP] Copy Pods Resources";
			outputPaths = (
			);
			runOnlyForDeploymentPostprocessing = 0;
			shellPath = /bin/sh;
			shellScript = "\"${SRCROOT}/Pods/Target Support Files/Pods-NY Times Most Popular Articles/Pods-NY Times Most Popular Articles-resources.sh\"\n";
			showEnvVarsInLog = 0;
		};
/* End PBXShellScriptBuildPhase section */

/* Begin PBXSourcesBuildPhase section */
		177961121F34A91C00DD0FD6 /* Sources */ = {
			isa = PBXSourcesBuildPhase;
			buildActionMask = 2147483647;
			files = (
				1718A3FF1F3595F0007E5E8D /* NetworkController.swift in Sources */,
				1718A4051F359F63007E5E8D /* ConfigurationManager.swift in Sources */,
				177961591F34AC3D00DD0FD6 /* OperationsManager.swift in Sources */,
				1791F9EE1F3607D90010F0A5 /* DetailViewController.swift in Sources */,
				1718A4121F35A2FF007E5E8D /* MostViewedResults.swift in Sources */,
				1718A40C1F35A2FF007E5E8D /* Media_metadata.swift in Sources */,
				1791F9E81F35BE790010F0A5 /* MasterSummaryTableViewCell.swift in Sources */,
				17F0DE081F3771D80099E141 /* Constants.swift in Sources */,
				1791F9F31F3610AE0010F0A5 /* BusinessLogicHelper.swift in Sources */,
				17CE118C1F36330400F6D225 /* SectionsResponse.swift in Sources */,
				17CE118D1F36330400F6D225 /* SectionsResults.swift in Sources */,
				1718A4101F35A2FF007E5E8D /* MostViewedResponse.swift in Sources */,
				1718A40E1F35A2FF007E5E8D /* Media.swift in Sources */,
				1791F9EA1F3600AB0010F0A5 /* EnumUtils.swift in Sources */,
				1779611A1F34A91C00DD0FD6 /* AppDelegate.swift in Sources */,
				1791F9EF1F3607D90010F0A5 /* MasterViewController.swift in Sources */,
			);
			runOnlyForDeploymentPostprocessing = 0;
		};
		177961281F34A91C00DD0FD6 /* Sources */ = {
			isa = PBXSourcesBuildPhase;
			buildActionMask = 2147483647;
			files = (
				17F0DE0A1F37753F0099E141 /* EnumUtilsTests.swift in Sources */,
				17B91AB01F3785380029F840 /* ConfigurationManagerTests.swift in Sources */,
				17CE11881F3619FE00F6D225 /* BusinessLogicHelperTests.swift in Sources */,
				177961311F34A91C00DD0FD6 /* NYTimes_MostPopularArticlesTests.swift in Sources */,
				1718A4011F359B97007E5E8D /* OperationsManagerTests.swift in Sources */,
			);
			runOnlyForDeploymentPostprocessing = 0;
		};
/* End PBXSourcesBuildPhase section */

/* Begin PBXTargetDependency section */
		1779612E1F34A91C00DD0FD6 /* PBXTargetDependency */ = {
			isa = PBXTargetDependency;
			target = 177961151F34A91C00DD0FD6 /* NYTimes_MostPopularArticles */;
			targetProxy = 1779612D1F34A91C00DD0FD6 /* PBXContainerItemProxy */;
		};
/* End PBXTargetDependency section */

/* Begin PBXVariantGroup section */
		1779611F1F34A91C00DD0FD6 /* Main.storyboard */ = {
			isa = PBXVariantGroup;
			children = (
				177961201F34A91C00DD0FD6 /* Base */,
			);
			name = Main.storyboard;
			sourceTree = "<group>";
		};
		177961241F34A91C00DD0FD6 /* LaunchScreen.storyboard */ = {
			isa = PBXVariantGroup;
			children = (
				177961251F34A91C00DD0FD6 /* Base */,
			);
			name = LaunchScreen.storyboard;
			sourceTree = "<group>";
		};
/* End PBXVariantGroup section */

/* Begin XCBuildConfiguration section */
		177961331F34A91C00DD0FD6 /* Debug */ = {
			isa = XCBuildConfiguration;
			buildSettings = {
				ALWAYS_SEARCH_USER_PATHS = NO;
				CLANG_ANALYZER_NONNULL = YES;
				CLANG_ANALYZER_NUMBER_OBJECT_CONVERSION = YES_AGGRESSIVE;
				CLANG_CXX_LANGUAGE_STANDARD = "gnu++0x";
				CLANG_CXX_LIBRARY = "libc++";
				CLANG_ENABLE_MODULES = YES;
				CLANG_ENABLE_OBJC_ARC = YES;
				CLANG_WARN_BOOL_CONVERSION = YES;
				CLANG_WARN_CONSTANT_CONVERSION = YES;
				CLANG_WARN_DIRECT_OBJC_ISA_USAGE = YES_ERROR;
				CLANG_WARN_DOCUMENTATION_COMMENTS = YES;
				CLANG_WARN_EMPTY_BODY = YES;
				CLANG_WARN_ENUM_CONVERSION = YES;
				CLANG_WARN_INFINITE_RECURSION = YES;
				CLANG_WARN_INT_CONVERSION = YES;
				CLANG_WARN_OBJC_ROOT_CLASS = YES_ERROR;
				CLANG_WARN_SUSPICIOUS_MOVE = YES;
				CLANG_WARN_UNREACHABLE_CODE = YES;
				CLANG_WARN__DUPLICATE_METHOD_MATCH = YES;
				"CODE_SIGN_IDENTITY[sdk=iphoneos*]" = "iPhone Developer";
				COPY_PHASE_STRIP = NO;
				DEBUG_INFORMATION_FORMAT = dwarf;
				ENABLE_STRICT_OBJC_MSGSEND = YES;
				ENABLE_TESTABILITY = YES;
				GCC_C_LANGUAGE_STANDARD = gnu99;
				GCC_DYNAMIC_NO_PIC = NO;
				GCC_NO_COMMON_BLOCKS = YES;
				GCC_OPTIMIZATION_LEVEL = 0;
				GCC_PREPROCESSOR_DEFINITIONS = (
					"DEBUG=1",
					"$(inherited)",
				);
				GCC_WARN_64_TO_32_BIT_CONVERSION = YES;
				GCC_WARN_ABOUT_RETURN_TYPE = YES_ERROR;
				GCC_WARN_UNDECLARED_SELECTOR = YES;
				GCC_WARN_UNINITIALIZED_AUTOS = YES_AGGRESSIVE;
				GCC_WARN_UNUSED_FUNCTION = YES;
				GCC_WARN_UNUSED_VARIABLE = YES;
				IPHONEOS_DEPLOYMENT_TARGET = 10.3;
				MTL_ENABLE_DEBUG_INFO = YES;
				ONLY_ACTIVE_ARCH = YES;
				SDKROOT = iphoneos;
				SWIFT_ACTIVE_COMPILATION_CONDITIONS = DEBUG;
				SWIFT_OPTIMIZATION_LEVEL = "-Onone";
			};
			name = Debug;
		};
		177961341F34A91C00DD0FD6 /* Release */ = {
			isa = XCBuildConfiguration;
			buildSettings = {
				ALWAYS_SEARCH_USER_PATHS = NO;
				CLANG_ANALYZER_NONNULL = YES;
				CLANG_ANALYZER_NUMBER_OBJECT_CONVERSION = YES_AGGRESSIVE;
				CLANG_CXX_LANGUAGE_STANDARD = "gnu++0x";
				CLANG_CXX_LIBRARY = "libc++";
				CLANG_ENABLE_MODULES = YES;
				CLANG_ENABLE_OBJC_ARC = YES;
				CLANG_WARN_BOOL_CONVERSION = YES;
				CLANG_WARN_CONSTANT_CONVERSION = YES;
				CLANG_WARN_DIRECT_OBJC_ISA_USAGE = YES_ERROR;
				CLANG_WARN_DOCUMENTATION_COMMENTS = YES;
				CLANG_WARN_EMPTY_BODY = YES;
				CLANG_WARN_ENUM_CONVERSION = YES;
				CLANG_WARN_INFINITE_RECURSION = YES;
				CLANG_WARN_INT_CONVERSION = YES;
				CLANG_WARN_OBJC_ROOT_CLASS = YES_ERROR;
				CLANG_WARN_SUSPICIOUS_MOVE = YES;
				CLANG_WARN_UNREACHABLE_CODE = YES;
				CLANG_WARN__DUPLICATE_METHOD_MATCH = YES;
				"CODE_SIGN_IDENTITY[sdk=iphoneos*]" = "iPhone Developer";
				COPY_PHASE_STRIP = NO;
				DEBUG_INFORMATION_FORMAT = "dwarf-with-dsym";
				ENABLE_NS_ASSERTIONS = NO;
				ENABLE_STRICT_OBJC_MSGSEND = YES;
				GCC_C_LANGUAGE_STANDARD = gnu99;
				GCC_NO_COMMON_BLOCKS = YES;
				GCC_WARN_64_TO_32_BIT_CONVERSION = YES;
				GCC_WARN_ABOUT_RETURN_TYPE = YES_ERROR;
				GCC_WARN_UNDECLARED_SELECTOR = YES;
				GCC_WARN_UNINITIALIZED_AUTOS = YES_AGGRESSIVE;
				GCC_WARN_UNUSED_FUNCTION = YES;
				GCC_WARN_UNUSED_VARIABLE = YES;
				IPHONEOS_DEPLOYMENT_TARGET = 10.3;
				MTL_ENABLE_DEBUG_INFO = NO;
				SDKROOT = iphoneos;
				SWIFT_OPTIMIZATION_LEVEL = "-Owholemodule";
				VALIDATE_PRODUCT = YES;
			};
			name = Release;
		};
		177961361F34A91C00DD0FD6 /* Debug */ = {
			isa = XCBuildConfiguration;
			baseConfigurationReference = BEACCD31BE0BC8D1FC2D15B3 /* Pods-NY Times Most Popular Articles.debug.xcconfig */;
			buildSettings = {
				ASSETCATALOG_COMPILER_APPICON_NAME = AppIcon;
				DEVELOPMENT_TEAM = "";
				INFOPLIST_FILE = "NY Times Most Popular Articles/Info.plist";
				LD_RUNPATH_SEARCH_PATHS = "$(inherited) @executable_path/Frameworks";
				PRODUCT_BUNDLE_IDENTIFIER = "com.json4swift.NY-Times-Most-Popular-Articles";
				PRODUCT_NAME = "$(TARGET_NAME)";
				PROVISIONING_PROFILE_SPECIFIER = "";
				SWIFT_VERSION = 3.0;
			};
			name = Debug;
		};
		177961371F34A91C00DD0FD6 /* Release */ = {
			isa = XCBuildConfiguration;
			baseConfigurationReference = F722E5819495AE8D3F5C7F1D /* Pods-NY Times Most Popular Articles.release.xcconfig */;
			buildSettings = {
				ASSETCATALOG_COMPILER_APPICON_NAME = AppIcon;
				DEVELOPMENT_TEAM = "";
				INFOPLIST_FILE = "NY Times Most Popular Articles/Info.plist";
				LD_RUNPATH_SEARCH_PATHS = "$(inherited) @executable_path/Frameworks";
				PRODUCT_BUNDLE_IDENTIFIER = "com.json4swift.NY-Times-Most-Popular-Articles";
				PRODUCT_NAME = "$(TARGET_NAME)";
				PROVISIONING_PROFILE_SPECIFIER = "";
				SWIFT_VERSION = 3.0;
			};
			name = Release;
		};
		177961391F34A91C00DD0FD6 /* Debug */ = {
			isa = XCBuildConfiguration;
			baseConfigurationReference = FB02425D9A387CBEF8CD2683 /* Pods-NY Times Most Popular ArticlesTests.debug.xcconfig */;
			buildSettings = {
				ALWAYS_EMBED_SWIFT_STANDARD_LIBRARIES = YES;
				BUNDLE_LOADER = "$(TEST_HOST)";
				INFOPLIST_FILE = "NY Times Most Popular ArticlesTests/Info.plist";
				LD_RUNPATH_SEARCH_PATHS = "$(inherited) @executable_path/Frameworks @loader_path/Frameworks";
				PRODUCT_BUNDLE_IDENTIFIER = "com.json4swift.NY-Times-Most-Popular-ArticlesTests";
				PRODUCT_NAME = "$(TARGET_NAME)";
				SWIFT_VERSION = 3.0;
				TEST_HOST = "$(BUILT_PRODUCTS_DIR)/NYTimes_MostPopularArticles.app/NYTimes_MostPopularArticles";
			};
			name = Debug;
		};
		1779613A1F34A91C00DD0FD6 /* Release */ = {
			isa = XCBuildConfiguration;
			baseConfigurationReference = E9034258C63C018CE93183FE /* Pods-NY Times Most Popular ArticlesTests.release.xcconfig */;
			buildSettings = {
				ALWAYS_EMBED_SWIFT_STANDARD_LIBRARIES = YES;
				BUNDLE_LOADER = "$(TEST_HOST)";
				INFOPLIST_FILE = "NY Times Most Popular ArticlesTests/Info.plist";
				LD_RUNPATH_SEARCH_PATHS = "$(inherited) @executable_path/Frameworks @loader_path/Frameworks";
				PRODUCT_BUNDLE_IDENTIFIER = "com.json4swift.NY-Times-Most-Popular-ArticlesTests";
				PRODUCT_NAME = "$(TARGET_NAME)";
				SWIFT_VERSION = 3.0;
				TEST_HOST = "$(BUILT_PRODUCTS_DIR)/NYTimes_MostPopularArticles.app/NYTimes_MostPopularArticles";
			};
			name = Release;
		};
/* End XCBuildConfiguration section */

/* Begin XCConfigurationList section */
		177961111F34A91C00DD0FD6 /* Build configuration list for PBXProject "NYTimes_MostPopularArticles" */ = {
			isa = XCConfigurationList;
			buildConfigurations = (
				177961331F34A91C00DD0FD6 /* Debug */,
				177961341F34A91C00DD0FD6 /* Release */,
			);
			defaultConfigurationIsVisible = 0;
			defaultConfigurationName = Release;
		};
		177961351F34A91C00DD0FD6 /* Build configuration list for PBXNativeTarget "NYTimes_MostPopularArticles" */ = {
			isa = XCConfigurationList;
			buildConfigurations = (
				177961361F34A91C00DD0FD6 /* Debug */,
				177961371F34A91C00DD0FD6 /* Release */,
			);
			defaultConfigurationIsVisible = 0;
			defaultConfigurationName = Release;
		};
		177961381F34A91C00DD0FD6 /* Build configuration list for PBXNativeTarget "NYTimes_MostPopularArticlesTests" */ = {
			isa = XCConfigurationList;
			buildConfigurations = (
				177961391F34A91C00DD0FD6 /* Debug */,
				1779613A1F34A91C00DD0FD6 /* Release */,
			);
			defaultConfigurationIsVisible = 0;
			defaultConfigurationName = Release;
		};
/* End XCConfigurationList section */
	};
	rootObject = 1779610E1F34A91C00DD0FD6 /* Project object */;
}
