// !$*UTF8*$!
{
	archiveVersion = 1;
	classes = {
	};
	objectVersion = 46;
	objects = {

/* Begin PBXBuildFile section */
		17025F9B1F38357500D00340 /* AppDelegate.swift in Sources */ = {isa = PBXBuildFile; fileRef = 17025F811F38357500D00340 /* AppDelegate.swift */; };
		17025F9C1F38357500D00340 /* Assets.xcassets in Resources */ = {isa = PBXBuildFile; fileRef = 17025F821F38357500D00340 /* Assets.xcassets */; };
		17025F9D1F38357500D00340 /* LaunchScreen.storyboard in Resources */ = {isa = PBXBuildFile; fileRef = 17025F831F38357500D00340 /* LaunchScreen.storyboard */; };
		17025F9E1F38357500D00340 /* Main.storyboard in Resources */ = {isa = PBXBuildFile; fileRef = 17025F851F38357500D00340 /* Main.storyboard */; };
		17025FA11F38357500D00340 /* Constants.swift in Sources */ = {isa = PBXBuildFile; fileRef = 17025F891F38357500D00340 /* Constants.swift */; };
		17025FA21F38357500D00340 /* MasterSummaryTableViewCell.swift in Sources */ = {isa = PBXBuildFile; fileRef = 17025F8B1F38357500D00340 /* MasterSummaryTableViewCell.swift */; };
		17025FA61F38357500D00340 /* EnumUtils.swift in Sources */ = {isa = PBXBuildFile; fileRef = 17025F901F38357500D00340 /* EnumUtils.swift */; };
		17025FA71F38357500D00340 /* DetailViewController.swift in Sources */ = {isa = PBXBuildFile; fileRef = 17025F921F38357500D00340 /* DetailViewController.swift */; };
		17025FA81F38357500D00340 /* MasterViewController.swift in Sources */ = {isa = PBXBuildFile; fileRef = 17025F931F38357500D00340 /* MasterViewController.swift */; };
		17025FC91F38367300D00340 /* BusinessLogicHelperTests.swift in Sources */ = {isa = PBXBuildFile; fileRef = 17025FBD1F38366D00D00340 /* BusinessLogicHelperTests.swift */; };
		17025FCA1F38367600D00340 /* ConfigurationManagerTests.swift in Sources */ = {isa = PBXBuildFile; fileRef = 17025FBE1F38366D00D00340 /* ConfigurationManagerTests.swift */; };
		17025FCB1F38367A00D00340 /* EnumUtilsTests.swift in Sources */ = {isa = PBXBuildFile; fileRef = 17025FBF1F38366D00D00340 /* EnumUtilsTests.swift */; };
		17025FCD1F38368000D00340 /* NYTimes_MostPopularArticlesTests.swift in Sources */ = {isa = PBXBuildFile; fileRef = 17025FC11F38366D00D00340 /* NYTimes_MostPopularArticlesTests.swift */; };
		17025FCE1F38368400D00340 /* OperationsManagerTests.swift in Sources */ = {isa = PBXBuildFile; fileRef = 17025FC21F38366D00D00340 /* OperationsManagerTests.swift */; };
		175FE5911F383AD5001B277F /* BusinessLogicHelper.swift in Sources */ = {isa = PBXBuildFile; fileRef = 175FE5861F383AD5001B277F /* BusinessLogicHelper.swift */; };
		175FE5921F383AD5001B277F /* ConfigurationManager.swift in Sources */ = {isa = PBXBuildFile; fileRef = 175FE5871F383AD5001B277F /* ConfigurationManager.swift */; };
		175FE5931F383AD5001B277F /* NetworkController.swift in Sources */ = {isa = PBXBuildFile; fileRef = 175FE5881F383AD5001B277F /* NetworkController.swift */; };
		175FE5941F383AD5001B277F /* OperationsManager.swift in Sources */ = {isa = PBXBuildFile; fileRef = 175FE5891F383AD5001B277F /* OperationsManager.swift */; };
		175FE5951F383AD5001B277F /* Media.swift in Sources */ = {isa = PBXBuildFile; fileRef = 175FE58B1F383AD5001B277F /* Media.swift */; };
		175FE5961F383AD5001B277F /* Media_metadata.swift in Sources */ = {isa = PBXBuildFile; fileRef = 175FE58C1F383AD5001B277F /* Media_metadata.swift */; };
		175FE5971F383AD5001B277F /* MostViewedResponse.swift in Sources */ = {isa = PBXBuildFile; fileRef = 175FE58D1F383AD5001B277F /* MostViewedResponse.swift */; };
		175FE5981F383AD5001B277F /* MostViewedResults.swift in Sources */ = {isa = PBXBuildFile; fileRef = 175FE58E1F383AD5001B277F /* MostViewedResults.swift */; };
		175FE5991F383AD5001B277F /* SectionsResponse.swift in Sources */ = {isa = PBXBuildFile; fileRef = 175FE58F1F383AD5001B277F /* SectionsResponse.swift */; };
		175FE59A1F383AD5001B277F /* SectionsResults.swift in Sources */ = {isa = PBXBuildFile; fileRef = 175FE5901F383AD5001B277F /* SectionsResults.swift */; };
		175FE59E1F3840E1001B277F /* NetworkControllerProtocol.swift in Sources */ = {isa = PBXBuildFile; fileRef = 175FE59D1F3840E1001B277F /* NetworkControllerProtocol.swift */; };
		4CB0B2C82850479BF6E3EBAB /* Pods_NYTimes_MostPopularArticles.framework in Frameworks */ = {isa = PBXBuildFile; fileRef = 4B453700ED5B3935901A416D /* Pods_NYTimes_MostPopularArticles.framework */; };
		9A21D98A89E685975C83ED2C /* Pods_NYTimes_MostPopularArticlesTests.framework in Frameworks */ = {isa = PBXBuildFile; fileRef = 03A53E2004749C95A21DB954 /* Pods_NYTimes_MostPopularArticlesTests.framework */; };
/* End PBXBuildFile section */

/* Begin PBXContainerItemProxy section */
		1779612D1F34A91C00DD0FD6 /* PBXContainerItemProxy */ = {
			isa = PBXContainerItemProxy;
			containerPortal = 1779610E1F34A91C00DD0FD6 /* Project object */;
			proxyType = 1;
			remoteGlobalIDString = 177961151F34A91C00DD0FD6;
			remoteInfo = "NY Times Most Popular Articles";
		};
/* End PBXContainerItemProxy section */

/* Begin PBXFileReference section */
		03A53E2004749C95A21DB954 /* Pods_NYTimes_MostPopularArticlesTests.framework */ = {isa = PBXFileReference; explicitFileType = wrapper.framework; includeInIndex = 0; path = Pods_NYTimes_MostPopularArticlesTests.framework; sourceTree = BUILT_PRODUCTS_DIR; };
		17025F7C1F38350E00D00340 /* Pods_NY_Times_Most_Popular_Articles.framework */ = {isa = PBXFileReference; explicitFileType = wrapper.framework; path = Pods_NY_Times_Most_Popular_Articles.framework; sourceTree = BUILT_PRODUCTS_DIR; };
		17025F811F38357500D00340 /* AppDelegate.swift */ = {isa = PBXFileReference; fileEncoding = 4; lastKnownFileType = sourcecode.swift; path = AppDelegate.swift; sourceTree = "<group>"; };
		17025F821F38357500D00340 /* Assets.xcassets */ = {isa = PBXFileReference; lastKnownFileType = folder.assetcatalog; path = Assets.xcassets; sourceTree = "<group>"; };
		17025F841F38357500D00340 /* Base */ = {isa = PBXFileReference; lastKnownFileType = file.storyboard; name = Base; path = Base.lproj/LaunchScreen.storyboard; sourceTree = "<group>"; };
		17025F861F38357500D00340 /* Base */ = {isa = PBXFileReference; lastKnownFileType = file.storyboard; name = Base; path = Base.lproj/Main.storyboard; sourceTree = "<group>"; };
		17025F891F38357500D00340 /* Constants.swift */ = {isa = PBXFileReference; fileEncoding = 4; lastKnownFileType = sourcecode.swift; path = Constants.swift; sourceTree = "<group>"; };
		17025F8B1F38357500D00340 /* MasterSummaryTableViewCell.swift */ = {isa = PBXFileReference; fileEncoding = 4; lastKnownFileType = sourcecode.swift; path = MasterSummaryTableViewCell.swift; sourceTree = "<group>"; };
		17025F8C1F38357500D00340 /* Info.plist */ = {isa = PBXFileReference; fileEncoding = 4; lastKnownFileType = text.plist.xml; path = Info.plist; sourceTree = "<group>"; };
		17025F901F38357500D00340 /* EnumUtils.swift */ = {isa = PBXFileReference; fileEncoding = 4; lastKnownFileType = sourcecode.swift; path = EnumUtils.swift; sourceTree = "<group>"; };
		17025F921F38357500D00340 /* DetailViewController.swift */ = {isa = PBXFileReference; fileEncoding = 4; lastKnownFileType = sourcecode.swift; path = DetailViewController.swift; sourceTree = "<group>"; };
		17025F931F38357500D00340 /* MasterViewController.swift */ = {isa = PBXFileReference; fileEncoding = 4; lastKnownFileType = sourcecode.swift; path = MasterViewController.swift; sourceTree = "<group>"; };
		17025FBD1F38366D00D00340 /* BusinessLogicHelperTests.swift */ = {isa = PBXFileReference; fileEncoding = 4; lastKnownFileType = sourcecode.swift; path = BusinessLogicHelperTests.swift; sourceTree = "<group>"; };
		17025FBE1F38366D00D00340 /* ConfigurationManagerTests.swift */ = {isa = PBXFileReference; fileEncoding = 4; lastKnownFileType = sourcecode.swift; path = ConfigurationManagerTests.swift; sourceTree = "<group>"; };
		17025FBF1F38366D00D00340 /* EnumUtilsTests.swift */ = {isa = PBXFileReference; fileEncoding = 4; lastKnownFileType = sourcecode.swift; path = EnumUtilsTests.swift; sourceTree = "<group>"; };
		17025FC01F38366D00D00340 /* Info.plist */ = {isa = PBXFileReference; fileEncoding = 4; lastKnownFileType = text.plist.xml; path = Info.plist; sourceTree = "<group>"; };
		17025FC11F38366D00D00340 /* NYTimes_MostPopularArticlesTests.swift */ = {isa = PBXFileReference; fileEncoding = 4; lastKnownFileType = sourcecode.swift; path = NYTimes_MostPopularArticlesTests.swift; sourceTree = "<group>"; };
		17025FC21F38366D00D00340 /* OperationsManagerTests.swift */ = {isa = PBXFileReference; fileEncoding = 4; lastKnownFileType = sourcecode.swift; path = OperationsManagerTests.swift; sourceTree = "<group>"; };
		175FE5861F383AD5001B277F /* BusinessLogicHelper.swift */ = {isa = PBXFileReference; fileEncoding = 4; lastKnownFileType = sourcecode.swift; path = BusinessLogicHelper.swift; sourceTree = "<group>"; };
		175FE5871F383AD5001B277F /* ConfigurationManager.swift */ = {isa = PBXFileReference; fileEncoding = 4; lastKnownFileType = sourcecode.swift; path = ConfigurationManager.swift; sourceTree = "<group>"; };
		175FE5881F383AD5001B277F /* NetworkController.swift */ = {isa = PBXFileReference; fileEncoding = 4; lastKnownFileType = sourcecode.swift; path = NetworkController.swift; sourceTree = "<group>"; };
		175FE5891F383AD5001B277F /* OperationsManager.swift */ = {isa = PBXFileReference; fileEncoding = 4; lastKnownFileType = sourcecode.swift; path = OperationsManager.swift; sourceTree = "<group>"; };
		175FE58B1F383AD5001B277F /* Media.swift */ = {isa = PBXFileReference; fileEncoding = 4; lastKnownFileType = sourcecode.swift; path = Media.swift; sourceTree = "<group>"; };
		175FE58C1F383AD5001B277F /* Media_metadata.swift */ = {isa = PBXFileReference; fileEncoding = 4; lastKnownFileType = sourcecode.swift; path = Media_metadata.swift; sourceTree = "<group>"; };
		175FE58D1F383AD5001B277F /* MostViewedResponse.swift */ = {isa = PBXFileReference; fileEncoding = 4; lastKnownFileType = sourcecode.swift; path = MostViewedResponse.swift; sourceTree = "<group>"; };
		175FE58E1F383AD5001B277F /* MostViewedResults.swift */ = {isa = PBXFileReference; fileEncoding = 4; lastKnownFileType = sourcecode.swift; path = MostViewedResults.swift; sourceTree = "<group>"; };
		175FE58F1F383AD5001B277F /* SectionsResponse.swift */ = {isa = PBXFileReference; fileEncoding = 4; lastKnownFileType = sourcecode.swift; path = SectionsResponse.swift; sourceTree = "<group>"; };
		175FE5901F383AD5001B277F /* SectionsResults.swift */ = {isa = PBXFileReference; fileEncoding = 4; lastKnownFileType = sourcecode.swift; path = SectionsResults.swift; sourceTree = "<group>"; };
		175FE59D1F3840E1001B277F /* NetworkControllerProtocol.swift */ = {isa = PBXFileReference; fileEncoding = 4; lastKnownFileType = sourcecode.swift; path = NetworkControllerProtocol.swift; sourceTree = "<group>"; };
		177961161F34A91C00DD0FD6 /* NYTimes_MostPopularArticles.app */ = {isa = PBXFileReference; explicitFileType = wrapper.application; includeInIndex = 0; path = NYTimes_MostPopularArticles.app; sourceTree = BUILT_PRODUCTS_DIR; };
		1779612C1F34A91C00DD0FD6 /* NYTimes_MostPopularArticlesTests.xctest */ = {isa = PBXFileReference; explicitFileType = wrapper.cfbundle; includeInIndex = 0; path = NYTimes_MostPopularArticlesTests.xctest; sourceTree = BUILT_PRODUCTS_DIR; };
		20AC105F35EF6D5A14D06C25 /* Pods-NYTimes_MostPopularArticles.debug.xcconfig */ = {isa = PBXFileReference; includeInIndex = 1; lastKnownFileType = text.xcconfig; name = "Pods-NYTimes_MostPopularArticles.debug.xcconfig"; path = "Pods/Target Support Files/Pods-NYTimes_MostPopularArticles/Pods-NYTimes_MostPopularArticles.debug.xcconfig"; sourceTree = "<group>"; };
		4B453700ED5B3935901A416D /* Pods_NYTimes_MostPopularArticles.framework */ = {isa = PBXFileReference; explicitFileType = wrapper.framework; includeInIndex = 0; path = Pods_NYTimes_MostPopularArticles.framework; sourceTree = BUILT_PRODUCTS_DIR; };
		97785B6906A9755A4B81E630 /* Pods-NYTimes_MostPopularArticlesTests.release.xcconfig */ = {isa = PBXFileReference; includeInIndex = 1; lastKnownFileType = text.xcconfig; name = "Pods-NYTimes_MostPopularArticlesTests.release.xcconfig"; path = "Pods/Target Support Files/Pods-NYTimes_MostPopularArticlesTests/Pods-NYTimes_MostPopularArticlesTests.release.xcconfig"; sourceTree = "<group>"; };
		BAAC396BE37B99F854F2F3D6 /* Pods-NYTimes_MostPopularArticlesTests.debug.xcconfig */ = {isa = PBXFileReference; includeInIndex = 1; lastKnownFileType = text.xcconfig; name = "Pods-NYTimes_MostPopularArticlesTests.debug.xcconfig"; path = "Pods/Target Support Files/Pods-NYTimes_MostPopularArticlesTests/Pods-NYTimes_MostPopularArticlesTests.debug.xcconfig"; sourceTree = "<group>"; };
		BE27C8AF3B0B73CD8B4AB73A /* Pods-NYTimes_MostPopularArticles.release.xcconfig */ = {isa = PBXFileReference; includeInIndex = 1; lastKnownFileType = text.xcconfig; name = "Pods-NYTimes_MostPopularArticles.release.xcconfig"; path = "Pods/Target Support Files/Pods-NYTimes_MostPopularArticles/Pods-NYTimes_MostPopularArticles.release.xcconfig"; sourceTree = "<group>"; };
		BEACCD31BE0BC8D1FC2D15B3 /* Pods-NY Times Most Popular Articles.debug.xcconfig */ = {isa = PBXFileReference; includeInIndex = 1; lastKnownFileType = text.xcconfig; name = "Pods-NY Times Most Popular Articles.debug.xcconfig"; path = "Pods/Target Support Files/Pods-NY Times Most Popular Articles/Pods-NY Times Most Popular Articles.debug.xcconfig"; sourceTree = "<group>"; };
		E9034258C63C018CE93183FE /* Pods-NY Times Most Popular ArticlesTests.release.xcconfig */ = {isa = PBXFileReference; includeInIndex = 1; lastKnownFileType = text.xcconfig; name = "Pods-NY Times Most Popular ArticlesTests.release.xcconfig"; path = "Pods/Target Support Files/Pods-NY Times Most Popular ArticlesTests/Pods-NY Times Most Popular ArticlesTests.release.xcconfig"; sourceTree = "<group>"; };
		F722E5819495AE8D3F5C7F1D /* Pods-NY Times Most Popular Articles.release.xcconfig */ = {isa = PBXFileReference; includeInIndex = 1; lastKnownFileType = text.xcconfig; name = "Pods-NY Times Most Popular Articles.release.xcconfig"; path = "Pods/Target Support Files/Pods-NY Times Most Popular Articles/Pods-NY Times Most Popular Articles.release.xcconfig"; sourceTree = "<group>"; };
		FB02425D9A387CBEF8CD2683 /* Pods-NY Times Most Popular ArticlesTests.debug.xcconfig */ = {isa = PBXFileReference; includeInIndex = 1; lastKnownFileType = text.xcconfig; name = "Pods-NY Times Most Popular ArticlesTests.debug.xcconfig"; path = "Pods/Target Support Files/Pods-NY Times Most Popular ArticlesTests/Pods-NY Times Most Popular ArticlesTests.debug.xcconfig"; sourceTree = "<group>"; };
/* End PBXFileReference section */

/* Begin PBXFrameworksBuildPhase section */
		177961131F34A91C00DD0FD6 /* Frameworks */ = {
			isa = PBXFrameworksBuildPhase;
			buildActionMask = 2147483647;
			files = (
				4CB0B2C82850479BF6E3EBAB /* Pods_NYTimes_MostPopularArticles.framework in Frameworks */,
			);
			runOnlyForDeploymentPostprocessing = 0;
		};
		177961291F34A91C00DD0FD6 /* Frameworks */ = {
			isa = PBXFrameworksBuildPhase;
			buildActionMask = 2147483647;
			files = (
				9A21D98A89E685975C83ED2C /* Pods_NYTimes_MostPopularArticlesTests.framework in Frameworks */,
			);
			runOnlyForDeploymentPostprocessing = 0;
		};
/* End PBXFrameworksBuildPhase section */

/* Begin PBXGroup section */
		17025F801F38357500D00340 /* NYTimes_MostPopularArticles */ = {
			isa = PBXGroup;
			children = (
				17025F8C1F38357500D00340 /* Info.plist */,
				17025F811F38357500D00340 /* AppDelegate.swift */,
				17025F821F38357500D00340 /* Assets.xcassets */,
				17025F831F38357500D00340 /* LaunchScreen.storyboard */,
				17025F851F38357500D00340 /* Main.storyboard */,
				17025F891F38357500D00340 /* Constants.swift */,
				175FE5851F383AD5001B277F /* API-Engine */,
				175FE58A1F383AD5001B277F /* Webservice-Models */,
				17025F8A1F38357500D00340 /* CustomCells */,
				17025F8F1F38357500D00340 /* Utils */,
				17025F911F38357500D00340 /* ViewControllers */,
			);
			path = NYTimes_MostPopularArticles;
			sourceTree = "<group>";
		};
		17025F8A1F38357500D00340 /* CustomCells */ = {
			isa = PBXGroup;
			children = (
				17025F8B1F38357500D00340 /* MasterSummaryTableViewCell.swift */,
			);
			path = CustomCells;
			sourceTree = "<group>";
		};
		17025F8F1F38357500D00340 /* Utils */ = {
			isa = PBXGroup;
			children = (
				17025F901F38357500D00340 /* EnumUtils.swift */,
			);
			path = Utils;
			sourceTree = "<group>";
		};
		17025F911F38357500D00340 /* ViewControllers */ = {
			isa = PBXGroup;
			children = (
				17025F931F38357500D00340 /* MasterViewController.swift */,
				17025F921F38357500D00340 /* DetailViewController.swift */,
			);
			path = ViewControllers;
			sourceTree = "<group>";
		};
		17025FBC1F38366D00D00340 /* NYTimes_MostPopularArticlesTests */ = {
			isa = PBXGroup;
			children = (
				17025FC11F38366D00D00340 /* NYTimes_MostPopularArticlesTests.swift */,
				17025FBD1F38366D00D00340 /* BusinessLogicHelperTests.swift */,
				17025FC21F38366D00D00340 /* OperationsManagerTests.swift */,
				17025FBE1F38366D00D00340 /* ConfigurationManagerTests.swift */,
				17025FBF1F38366D00D00340 /* EnumUtilsTests.swift */,
				17025FC01F38366D00D00340 /* Info.plist */,
			);
			path = NYTimes_MostPopularArticlesTests;
			sourceTree = "<group>";
		};
		175FE5851F383AD5001B277F /* API-Engine */ = {
			isa = PBXGroup;
			children = (
				175FE59D1F3840E1001B277F /* NetworkControllerProtocol.swift */,
				175FE5861F383AD5001B277F /* BusinessLogicHelper.swift */,
				175FE5871F383AD5001B277F /* ConfigurationManager.swift */,
				175FE5881F383AD5001B277F /* NetworkController.swift */,
				175FE5891F383AD5001B277F /* OperationsManager.swift */,
			);
			path = "API-Engine";
			sourceTree = "<group>";
		};
		175FE58A1F383AD5001B277F /* Webservice-Models */ = {
			isa = PBXGroup;
			children = (
				175FE58B1F383AD5001B277F /* Media.swift */,
				175FE58C1F383AD5001B277F /* Media_metadata.swift */,
				175FE58D1F383AD5001B277F /* MostViewedResponse.swift */,
				175FE58E1F383AD5001B277F /* MostViewedResults.swift */,
				175FE58F1F383AD5001B277F /* SectionsResponse.swift */,
				175FE5901F383AD5001B277F /* SectionsResults.swift */,
			);
			path = "Webservice-Models";
			sourceTree = "<group>";
		};
		1779610D1F34A91C00DD0FD6 = {
			isa = PBXGroup;
			children = (
				17025F801F38357500D00340 /* NYTimes_MostPopularArticles */,
				17025FBC1F38366D00D00340 /* NYTimes_MostPopularArticlesTests */,
				1791F9E51F35AAAE0010F0A5 /* Frameworks */,
				177961171F34A91C00DD0FD6 /* Products */,
				20925B20364C2CAE3E9A887A /* Pods */,
			);
			sourceTree = "<group>";
		};
		177961171F34A91C00DD0FD6 /* Products */ = {
			isa = PBXGroup;
			children = (
				177961161F34A91C00DD0FD6 /* NYTimes_MostPopularArticles.app */,
				1779612C1F34A91C00DD0FD6 /* NYTimes_MostPopularArticlesTests.xctest */,
			);
			name = Products;
			sourceTree = "<group>";
		};
		1791F9E51F35AAAE0010F0A5 /* Frameworks */ = {
			isa = PBXGroup;
			children = (
				17025F7C1F38350E00D00340 /* Pods_NY_Times_Most_Popular_Articles.framework */,
				4B453700ED5B3935901A416D /* Pods_NYTimes_MostPopularArticles.framework */,
				03A53E2004749C95A21DB954 /* Pods_NYTimes_MostPopularArticlesTests.framework */,
			);
			name = Frameworks;
			sourceTree = "<group>";
		};
		20925B20364C2CAE3E9A887A /* Pods */ = {
			isa = PBXGroup;
			children = (
				BEACCD31BE0BC8D1FC2D15B3 /* Pods-NY Times Most Popular Articles.debug.xcconfig */,
				F722E5819495AE8D3F5C7F1D /* Pods-NY Times Most Popular Articles.release.xcconfig */,
				FB02425D9A387CBEF8CD2683 /* Pods-NY Times Most Popular ArticlesTests.debug.xcconfig */,
				E9034258C63C018CE93183FE /* Pods-NY Times Most Popular ArticlesTests.release.xcconfig */,
				20AC105F35EF6D5A14D06C25 /* Pods-NYTimes_MostPopularArticles.debug.xcconfig */,
				BE27C8AF3B0B73CD8B4AB73A /* Pods-NYTimes_MostPopularArticles.release.xcconfig */,
				BAAC396BE37B99F854F2F3D6 /* Pods-NYTimes_MostPopularArticlesTests.debug.xcconfig */,
				97785B6906A9755A4B81E630 /* Pods-NYTimes_MostPopularArticlesTests.release.xcconfig */,
			);
			name = Pods;
			sourceTree = "<group>";
		};
/* End PBXGroup section */

/* Begin PBXNativeTarget section */
		177961151F34A91C00DD0FD6 /* NYTimes_MostPopularArticles */ = {
			isa = PBXNativeTarget;
			buildConfigurationList = 177961351F34A91C00DD0FD6 /* Build configuration list for PBXNativeTarget "NYTimes_MostPopularArticles" */;
			buildPhases = (
				A7245ACCC18C24D5ED20B911 /* [CP] Check Pods Manifest.lock */,
				177961121F34A91C00DD0FD6 /* Sources */,
				177961131F34A91C00DD0FD6 /* Frameworks */,
				177961141F34A91C00DD0FD6 /* Resources */,
				050B72E555E9BB36FA336990 /* [CP] Embed Pods Frameworks */,
				DAE77D02E912EF54B9E24F51 /* [CP] Copy Pods Resources */,
			);
			buildRules = (
			);
			dependencies = (
			);
			name = NYTimes_MostPopularArticles;
			productName = "NY Times Most Popular Articles";
			productReference = 177961161F34A91C00DD0FD6 /* NYTimes_MostPopularArticles.app */;
			productType = "com.apple.product-type.application";
		};
		1779612B1F34A91C00DD0FD6 /* NYTimes_MostPopularArticlesTests */ = {
			isa = PBXNativeTarget;
			buildConfigurationList = 177961381F34A91C00DD0FD6 /* Build configuration list for PBXNativeTarget "NYTimes_MostPopularArticlesTests" */;
			buildPhases = (
				D89E86AFA32049C6BF0C6A6B /* [CP] Check Pods Manifest.lock */,
				177961281F34A91C00DD0FD6 /* Sources */,
				177961291F34A91C00DD0FD6 /* Frameworks */,
				1779612A1F34A91C00DD0FD6 /* Resources */,
				5ED8D3B1F647E10607DC881E /* [CP] Embed Pods Frameworks */,
				4C8F6600F64014268787F78D /* [CP] Copy Pods Resources */,
			);
			buildRules = (
			);
			dependencies = (
				1779612E1F34A91C00DD0FD6 /* PBXTargetDependency */,
			);
			name = NYTimes_MostPopularArticlesTests;
			productName = "NY Times Most Popular ArticlesTests";
			productReference = 1779612C1F34A91C00DD0FD6 /* NYTimes_MostPopularArticlesTests.xctest */;
			productType = "com.apple.product-type.bundle.unit-test";
		};
/* End PBXNativeTarget section */

/* Begin PBXProject section */
		1779610E1F34A91C00DD0FD6 /* Project object */ = {
			isa = PBXProject;
			attributes = {
				LastSwiftUpdateCheck = 0830;
				LastUpgradeCheck = 0830;
				ORGANIZATIONNAME = "Syed Absar Karim";
				TargetAttributes = {
					177961151F34A91C00DD0FD6 = {
						CreatedOnToolsVersion = 8.3.2;
						ProvisioningStyle = Manual;
					};
					1779612B1F34A91C00DD0FD6 = {
						CreatedOnToolsVersion = 8.3.2;
						ProvisioningStyle = Automatic;
						TestTargetID = 177961151F34A91C00DD0FD6;
					};
				};
			};
			buildConfigurationList = 177961111F34A91C00DD0FD6 /* Build configuration list for PBXProject "NYTimes_MostPopularArticles" */;
			compatibilityVersion = "Xcode 3.2";
			developmentRegion = English;
			hasScannedForEncodings = 0;
			knownRegions = (
				en,
				Base,
			);
			mainGroup = 1779610D1F34A91C00DD0FD6;
			productRefGroup = 177961171F34A91C00DD0FD6 /* Products */;
			projectDirPath = "";
			projectRoot = "";
			targets = (
				177961151F34A91C00DD0FD6 /* NYTimes_MostPopularArticles */,
				1779612B1F34A91C00DD0FD6 /* NYTimes_MostPopularArticlesTests */,
			);
		};
/* End PBXProject section */

/* Begin PBXResourcesBuildPhase section */
		177961141F34A91C00DD0FD6 /* Resources */ = {
			isa = PBXResourcesBuildPhase;
			buildActionMask = 2147483647;
			files = (
				17025F9E1F38357500D00340 /* Main.storyboard in Resources */,
				17025F9C1F38357500D00340 /* Assets.xcassets in Resources */,
				17025F9D1F38357500D00340 /* LaunchScreen.storyboard in Resources */,
			);
			runOnlyForDeploymentPostprocessing = 0;
		};
		1779612A1F34A91C00DD0FD6 /* Resources */ = {
			isa = PBXResourcesBuildPhase;
			buildActionMask = 2147483647;
			files = (
			);
			runOnlyForDeploymentPostprocessing = 0;
		};
/* End PBXResourcesBuildPhase section */

/* Begin PBXShellScriptBuildPhase section */
		050B72E555E9BB36FA336990 /* [CP] Embed Pods Frameworks */ = {
			isa = PBXShellScriptBuildPhase;
			buildActionMask = 2147483647;
			files = (
			);
			inputPaths = (
				"${SRCROOT}/Pods/Target Support Files/Pods-NYTimes_MostPopularArticles/Pods-NYTimes_MostPopularArticles-frameworks.sh",
				"${BUILT_PRODUCTS_DIR}/AZDropdownMenu/AZDropdownMenu.framework",
				"${BUILT_PRODUCTS_DIR}/Alamofire/Alamofire.framework",
				"${BUILT_PRODUCTS_DIR}/SwiftSpinner/SwiftSpinner.framework",
			);
			name = "[CP] Embed Pods Frameworks";
			outputPaths = (
				"${TARGET_BUILD_DIR}/${FRAMEWORKS_FOLDER_PATH}/AZDropdownMenu.framework",
				"${TARGET_BUILD_DIR}/${FRAMEWORKS_FOLDER_PATH}/Alamofire.framework",
				"${TARGET_BUILD_DIR}/${FRAMEWORKS_FOLDER_PATH}/SwiftSpinner.framework",
			);
			runOnlyForDeploymentPostprocessing = 0;
			shellPath = /bin/sh;
			shellScript = "\"${SRCROOT}/Pods/Target Support Files/Pods-NYTimes_MostPopularArticles/Pods-NYTimes_MostPopularArticles-frameworks.sh\"\n";
			showEnvVarsInLog = 0;
		};
		4C8F6600F64014268787F78D /* [CP] Copy Pods Resources */ = {
			isa = PBXShellScriptBuildPhase;
			buildActionMask = 2147483647;
			files = (
			);
			inputPaths = (
			);
			name = "[CP] Copy Pods Resources";
			outputPaths = (
			);
			runOnlyForDeploymentPostprocessing = 0;
			shellPath = /bin/sh;
			shellScript = "\"${SRCROOT}/Pods/Target Support Files/Pods-NYTimes_MostPopularArticlesTests/Pods-NYTimes_MostPopularArticlesTests-resources.sh\"\n";
			showEnvVarsInLog = 0;
		};
		5ED8D3B1F647E10607DC881E /* [CP] Embed Pods Frameworks */ = {
			isa = PBXShellScriptBuildPhase;
			buildActionMask = 2147483647;
			files = (
			);
			inputPaths = (
			);
			name = "[CP] Embed Pods Frameworks";
			outputPaths = (
			);
			runOnlyForDeploymentPostprocessing = 0;
			shellPath = /bin/sh;
			shellScript = "\"${SRCROOT}/Pods/Target Support Files/Pods-NYTimes_MostPopularArticlesTests/Pods-NYTimes_MostPopularArticlesTests-frameworks.sh\"\n";
			showEnvVarsInLog = 0;
		};
		A7245ACCC18C24D5ED20B911 /* [CP] Check Pods Manifest.lock */ = {
			isa = PBXShellScriptBuildPhase;
			buildActionMask = 2147483647;
			files = (
			);
			inputPaths = (
				"${PODS_PODFILE_DIR_PATH}/Podfile.lock",
				"${PODS_ROOT}/Manifest.lock",
			);
			name = "[CP] Check Pods Manifest.lock";
			outputPaths = (
				"$(DERIVED_FILE_DIR)/Pods-NYTimes_MostPopularArticles-checkManifestLockResult.txt",
			);
			runOnlyForDeploymentPostprocessing = 0;
			shellPath = /bin/sh;
			shellScript = "diff \"${PODS_PODFILE_DIR_PATH}/Podfile.lock\" \"${PODS_ROOT}/Manifest.lock\" > /dev/null\nif [ $? != 0 ] ; then\n    # print error to STDERR\n    echo \"error: The sandbox is not in sync with the Podfile.lock. Run 'pod install' or update your CocoaPods installation.\" >&2\n    exit 1\nfi\n# This output is used by Xcode 'outputs' to avoid re-running this script phase.\necho \"SUCCESS\" > \"${SCRIPT_OUTPUT_FILE_0}\"\n";
			showEnvVarsInLog = 0;
		};
		D89E86AFA32049C6BF0C6A6B /* [CP] Check Pods Manifest.lock */ = {
			isa = PBXShellScriptBuildPhase;
			buildActionMask = 2147483647;
			files = (
			);
			inputPaths = (
				"${PODS_PODFILE_DIR_PATH}/Podfile.lock",
				"${PODS_ROOT}/Manifest.lock",
			);
			name = "[CP] Check Pods Manifest.lock";
			outputPaths = (
				"$(DERIVED_FILE_DIR)/Pods-NYTimes_MostPopularArticlesTests-checkManifestLockResult.txt",
			);
			runOnlyForDeploymentPostprocessing = 0;
			shellPath = /bin/sh;
			shellScript = "diff \"${PODS_PODFILE_DIR_PATH}/Podfile.lock\" \"${PODS_ROOT}/Manifest.lock\" > /dev/null\nif [ $? != 0 ] ; then\n    # print error to STDERR\n    echo \"error: The sandbox is not in sync with the Podfile.lock. Run 'pod install' or update your CocoaPods installation.\" >&2\n    exit 1\nfi\n# This output is used by Xcode 'outputs' to avoid re-running this script phase.\necho \"SUCCESS\" > \"${SCRIPT_OUTPUT_FILE_0}\"\n";
			showEnvVarsInLog = 0;
		};
		DAE77D02E912EF54B9E24F51 /* [CP] Copy Pods Resources */ = {
			isa = PBXShellScriptBuildPhase;
			buildActionMask = 2147483647;
			files = (
			);
			inputPaths = (
			);
			name = "[CP] Copy Pods Resources";
			outputPaths = (
			);
			runOnlyForDeploymentPostprocessing = 0;
			shellPath = /bin/sh;
			shellScript = "\"${SRCROOT}/Pods/Target Support Files/Pods-NYTimes_MostPopularArticles/Pods-NYTimes_MostPopularArticles-resources.sh\"\n";
			showEnvVarsInLog = 0;
		};
/* End PBXShellScriptBuildPhase section */

/* Begin PBXSourcesBuildPhase section */
		177961121F34A91C00DD0FD6 /* Sources */ = {
			isa = PBXSourcesBuildPhase;
			buildActionMask = 2147483647;
			files = (
				175FE5951F383AD5001B277F /* Media.swift in Sources */,
				175FE5971F383AD5001B277F /* MostViewedResponse.swift in Sources */,
				175FE5921F383AD5001B277F /* ConfigurationManager.swift in Sources */,
				175FE5941F383AD5001B277F /* OperationsManager.swift in Sources */,
				175FE5961F383AD5001B277F /* Media_metadata.swift in Sources */,
				17025FA81F38357500D00340 /* MasterViewController.swift in Sources */,
				175FE5911F383AD5001B277F /* BusinessLogicHelper.swift in Sources */,
				17025FA71F38357500D00340 /* DetailViewController.swift in Sources */,
				175FE59E1F3840E1001B277F /* NetworkControllerProtocol.swift in Sources */,
				17025FA61F38357500D00340 /* EnumUtils.swift in Sources */,
				175FE5991F383AD5001B277F /* SectionsResponse.swift in Sources */,
				175FE59A1F383AD5001B277F /* SectionsResults.swift in Sources */,
				17025F9B1F38357500D00340 /* AppDelegate.swift in Sources */,
				17025FA21F38357500D00340 /* MasterSummaryTableViewCell.swift in Sources */,
				17025FA11F38357500D00340 /* Constants.swift in Sources */,
				175FE5931F383AD5001B277F /* NetworkController.swift in Sources */,
				175FE5981F383AD5001B277F /* MostViewedResults.swift in Sources */,
			);
			runOnlyForDeploymentPostprocessing = 0;
		};
		177961281F34A91C00DD0FD6 /* Sources */ = {
			isa = PBXSourcesBuildPhase;
			buildActionMask = 2147483647;
			files = (
				17025FCE1F38368400D00340 /* OperationsManagerTests.swift in Sources */,
				17025FCA1F38367600D00340 /* ConfigurationManagerTests.swift in Sources */,
				17025FCD1F38368000D00340 /* NYTimes_MostPopularArticlesTests.swift in Sources */,
				17025FCB1F38367A00D00340 /* EnumUtilsTests.swift in Sources */,
				17025FC91F38367300D00340 /* BusinessLogicHelperTests.swift in Sources */,
			);
			runOnlyForDeploymentPostprocessing = 0;
		};
/* End PBXSourcesBuildPhase section */

/* Begin PBXTargetDependency section */
		1779612E1F34A91C00DD0FD6 /* PBXTargetDependency */ = {
			isa = PBXTargetDependency;
			target = 177961151F34A91C00DD0FD6 /* NYTimes_MostPopularArticles */;
			targetProxy = 1779612D1F34A91C00DD0FD6 /* PBXContainerItemProxy */;
		};
/* End PBXTargetDependency section */

/* Begin PBXVariantGroup section */
		17025F831F38357500D00340 /* LaunchScreen.storyboard */ = {
			isa = PBXVariantGroup;
			children = (
				17025F841F38357500D00340 /* Base */,
			);
			name = LaunchScreen.storyboard;
			sourceTree = "<group>";
		};
		17025F851F38357500D00340 /* Main.storyboard */ = {
			isa = PBXVariantGroup;
			children = (
				17025F861F38357500D00340 /* Base */,
			);
			name = Main.storyboard;
			sourceTree = "<group>";
		};
/* End PBXVariantGroup section */

/* Begin XCBuildConfiguration section */
		177961331F34A91C00DD0FD6 /* Debug */ = {
			isa = XCBuildConfiguration;
			buildSettings = {
				ALWAYS_SEARCH_USER_PATHS = NO;
				CLANG_ANALYZER_LOCALIZABILITY_NONLOCALIZED = YES;
				CLANG_ANALYZER_NONNULL = YES;
				CLANG_ANALYZER_NUMBER_OBJECT_CONVERSION = YES_AGGRESSIVE;
				CLANG_CXX_LANGUAGE_STANDARD = "gnu++0x";
				CLANG_CXX_LIBRARY = "libc++";
				CLANG_ENABLE_MODULES = YES;
				CLANG_ENABLE_OBJC_ARC = YES;
				CLANG_WARN_BOOL_CONVERSION = YES;
				CLANG_WARN_CONSTANT_CONVERSION = YES;
				CLANG_WARN_DIRECT_OBJC_ISA_USAGE = YES_ERROR;
				CLANG_WARN_DOCUMENTATION_COMMENTS = YES;
				CLANG_WARN_EMPTY_BODY = YES;
				CLANG_WARN_ENUM_CONVERSION = YES;
				CLANG_WARN_INFINITE_RECURSION = YES;
				CLANG_WARN_INT_CONVERSION = YES;
				CLANG_WARN_OBJC_ROOT_CLASS = YES_ERROR;
				CLANG_WARN_SUSPICIOUS_MOVE = YES;
				CLANG_WARN_UNREACHABLE_CODE = YES;
				CLANG_WARN__DUPLICATE_METHOD_MATCH = YES;
				"CODE_SIGN_IDENTITY[sdk=iphoneos*]" = "iPhone Developer";
				COPY_PHASE_STRIP = NO;
				DEBUG_INFORMATION_FORMAT = dwarf;
				ENABLE_STRICT_OBJC_MSGSEND = YES;
				ENABLE_TESTABILITY = YES;
				GCC_C_LANGUAGE_STANDARD = gnu99;
				GCC_DYNAMIC_NO_PIC = NO;
				GCC_NO_COMMON_BLOCKS = YES;
				GCC_OPTIMIZATION_LEVEL = 0;
				GCC_PREPROCESSOR_DEFINITIONS = (
					"DEBUG=1",
					"$(inherited)",
				);
				GCC_WARN_64_TO_32_BIT_CONVERSION = YES;
				GCC_WARN_ABOUT_RETURN_TYPE = YES_ERROR;
				GCC_WARN_UNDECLARED_SELECTOR = YES;
				GCC_WARN_UNINITIALIZED_AUTOS = YES_AGGRESSIVE;
				GCC_WARN_UNUSED_FUNCTION = YES;
				GCC_WARN_UNUSED_VARIABLE = YES;
				IPHONEOS_DEPLOYMENT_TARGET = 10.3;
				MTL_ENABLE_DEBUG_INFO = YES;
				ONLY_ACTIVE_ARCH = YES;
				SDKROOT = iphoneos;
				SWIFT_ACTIVE_COMPILATION_CONDITIONS = DEBUG;
				SWIFT_OPTIMIZATION_LEVEL = "-Onone";
			};
			name = Debug;
		};
		177961341F34A91C00DD0FD6 /* Release */ = {
			isa = XCBuildConfiguration;
			buildSettings = {
				ALWAYS_SEARCH_USER_PATHS = NO;
				CLANG_ANALYZER_LOCALIZABILITY_NONLOCALIZED = YES;
				CLANG_ANALYZER_NONNULL = YES;
				CLANG_ANALYZER_NUMBER_OBJECT_CONVERSION = YES_AGGRESSIVE;
				CLANG_CXX_LANGUAGE_STANDARD = "gnu++0x";
				CLANG_CXX_LIBRARY = "libc++";
				CLANG_ENABLE_MODULES = YES;
				CLANG_ENABLE_OBJC_ARC = YES;
				CLANG_WARN_BOOL_CONVERSION = YES;
				CLANG_WARN_CONSTANT_CONVERSION = YES;
				CLANG_WARN_DIRECT_OBJC_ISA_USAGE = YES_ERROR;
				CLANG_WARN_DOCUMENTATION_COMMENTS = YES;
				CLANG_WARN_EMPTY_BODY = YES;
				CLANG_WARN_ENUM_CONVERSION = YES;
				CLANG_WARN_INFINITE_RECURSION = YES;
				CLANG_WARN_INT_CONVERSION = YES;
				CLANG_WARN_OBJC_ROOT_CLASS = YES_ERROR;
				CLANG_WARN_SUSPICIOUS_MOVE = YES;
				CLANG_WARN_UNREACHABLE_CODE = YES;
				CLANG_WARN__DUPLICATE_METHOD_MATCH = YES;
				"CODE_SIGN_IDENTITY[sdk=iphoneos*]" = "iPhone Developer";
				COPY_PHASE_STRIP = NO;
				DEBUG_INFORMATION_FORMAT = "dwarf-with-dsym";
				ENABLE_NS_ASSERTIONS = NO;
				ENABLE_STRICT_OBJC_MSGSEND = YES;
				GCC_C_LANGUAGE_STANDARD = gnu99;
				GCC_NO_COMMON_BLOCKS = YES;
				GCC_WARN_64_TO_32_BIT_CONVERSION = YES;
				GCC_WARN_ABOUT_RETURN_TYPE = YES_ERROR;
				GCC_WARN_UNDECLARED_SELECTOR = YES;
				GCC_WARN_UNINITIALIZED_AUTOS = YES_AGGRESSIVE;
				GCC_WARN_UNUSED_FUNCTION = YES;
				GCC_WARN_UNUSED_VARIABLE = YES;
				IPHONEOS_DEPLOYMENT_TARGET = 10.3;
				MTL_ENABLE_DEBUG_INFO = NO;
				SDKROOT = iphoneos;
				SWIFT_OPTIMIZATION_LEVEL = "-Owholemodule";
				VALIDATE_PRODUCT = YES;
			};
			name = Release;
		};
		177961361F34A91C00DD0FD6 /* Debug */ = {
			isa = XCBuildConfiguration;
			baseConfigurationReference = 20AC105F35EF6D5A14D06C25 /* Pods-NYTimes_MostPopularArticles.debug.xcconfig */;
			buildSettings = {
				ASSETCATALOG_COMPILER_APPICON_NAME = AppIcon;
				DEVELOPMENT_TEAM = "";
				INFOPLIST_FILE = NYTimes_MostPopularArticles/Info.plist;
				LD_RUNPATH_SEARCH_PATHS = "$(inherited) @executable_path/Frameworks";
				PRODUCT_BUNDLE_IDENTIFIER = "com.json4swift.NY-Times-Most-Popular-Articles";
				PRODUCT_NAME = "$(TARGET_NAME)";
				PROVISIONING_PROFILE_SPECIFIER = "";
				SWIFT_VERSION = 3.0;
			};
			name = Debug;
		};
		177961371F34A91C00DD0FD6 /* Release */ = {
			isa = XCBuildConfiguration;
			baseConfigurationReference = BE27C8AF3B0B73CD8B4AB73A /* Pods-NYTimes_MostPopularArticles.release.xcconfig */;
			buildSettings = {
				ASSETCATALOG_COMPILER_APPICON_NAME = AppIcon;
				DEVELOPMENT_TEAM = "";
				INFOPLIST_FILE = NYTimes_MostPopularArticles/Info.plist;
				LD_RUNPATH_SEARCH_PATHS = "$(inherited) @executable_path/Frameworks";
				PRODUCT_BUNDLE_IDENTIFIER = "com.json4swift.NY-Times-Most-Popular-Articles";
				PRODUCT_NAME = "$(TARGET_NAME)";
				PROVISIONING_PROFILE_SPECIFIER = "";
				SWIFT_VERSION = 3.0;
			};
			name = Release;
		};
		177961391F34A91C00DD0FD6 /* Debug */ = {
			isa = XCBuildConfiguration;
			baseConfigurationReference = BAAC396BE37B99F854F2F3D6 /* Pods-NYTimes_MostPopularArticlesTests.debug.xcconfig */;
			buildSettings = {
				ALWAYS_EMBED_SWIFT_STANDARD_LIBRARIES = YES;
				BUNDLE_LOADER = "$(TEST_HOST)";
				INFOPLIST_FILE = NYTimes_MostPopularArticlesTests/Info.plist;
				LD_RUNPATH_SEARCH_PATHS = "$(inherited) @executable_path/Frameworks @loader_path/Frameworks";
				PRODUCT_BUNDLE_IDENTIFIER = "com.json4swift.NY-Times-Most-Popular-ArticlesTests";
				PRODUCT_NAME = "$(TARGET_NAME)";
				SWIFT_VERSION = 3.0;
				TEST_HOST = "$(BUILT_PRODUCTS_DIR)/NYTimes_MostPopularArticles.app/NYTimes_MostPopularArticles";
			};
			name = Debug;
		};
		1779613A1F34A91C00DD0FD6 /* Release */ = {
			isa = XCBuildConfiguration;
			baseConfigurationReference = 97785B6906A9755A4B81E630 /* Pods-NYTimes_MostPopularArticlesTests.release.xcconfig */;
			buildSettings = {
				ALWAYS_EMBED_SWIFT_STANDARD_LIBRARIES = YES;
				BUNDLE_LOADER = "$(TEST_HOST)";
				INFOPLIST_FILE = NYTimes_MostPopularArticlesTests/Info.plist;
				LD_RUNPATH_SEARCH_PATHS = "$(inherited) @executable_path/Frameworks @loader_path/Frameworks";
				PRODUCT_BUNDLE_IDENTIFIER = "com.json4swift.NY-Times-Most-Popular-ArticlesTests";
				PRODUCT_NAME = "$(TARGET_NAME)";
				SWIFT_VERSION = 3.0;
				TEST_HOST = "$(BUILT_PRODUCTS_DIR)/NYTimes_MostPopularArticles.app/NYTimes_MostPopularArticles";
			};
			name = Release;
		};
/* End XCBuildConfiguration section */

/* Begin XCConfigurationList section */
		177961111F34A91C00DD0FD6 /* Build configuration list for PBXProject "NYTimes_MostPopularArticles" */ = {
			isa = XCConfigurationList;
			buildConfigurations = (
				177961331F34A91C00DD0FD6 /* Debug */,
				177961341F34A91C00DD0FD6 /* Release */,
			);
			defaultConfigurationIsVisible = 0;
			defaultConfigurationName = Release;
		};
		177961351F34A91C00DD0FD6 /* Build configuration list for PBXNativeTarget "NYTimes_MostPopularArticles" */ = {
			isa = XCConfigurationList;
			buildConfigurations = (
				177961361F34A91C00DD0FD6 /* Debug */,
				177961371F34A91C00DD0FD6 /* Release */,
			);
			defaultConfigurationIsVisible = 0;
			defaultConfigurationName = Release;
		};
		177961381F34A91C00DD0FD6 /* Build configuration list for PBXNativeTarget "NYTimes_MostPopularArticlesTests" */ = {
			isa = XCConfigurationList;
			buildConfigurations = (
				177961391F34A91C00DD0FD6 /* Debug */,
				1779613A1F34A91C00DD0FD6 /* Release */,
			);
			defaultConfigurationIsVisible = 0;
			defaultConfigurationName = Release;
		};
/* End XCConfigurationList section */
	};
	rootObject = 1779610E1F34A91C00DD0FD6 /* Project object */;
}
